
Microsoft Visual Studio Solution File, Format Version 12.00
# Visual Studio Version 16
VisualStudioVersion = 16.0.31112.23
MinimumVisualStudioVersion = 10.0.40219.1
Project("{9A19103F-16F7-4668-BE54-9A1E7A4F7556}") = "Geolocation.App", "Geolocation.App\Geolocation.App.csproj", "{0D8891AC-34C6-4C0B-A268-0E73DEED6015}"
EndProject
Project("{9A19103F-16F7-4668-BE54-9A1E7A4F7556}") = "Geolocation.Domain", "Geolocation.Domain\Geolocation.Domain.csproj", "{0DAC39B3-B11D-437C-9BE9-0B4C8B10402A}"
EndProject
Project("{9A19103F-16F7-4668-BE54-9A1E7A4F7556}") = "Geolocation.Infrastructure", "Geolocation.Infrastructure\Geolocation.Infrastructure.csproj", "{4D115922-B6D5-4683-8AF1-F20A70A19F94}"
EndProject
Project("{E53339B2-1760-4266-BCC7-CA923CBCF16C}") = "docker-compose", "docker-compose.dcproj", "{C0DEB6EB-F6DC-4D99-86E4-B830B847B307}"
EndProject
Project("{2150E333-8FDC-42A3-9474-1A3956D46DE8}") = "Solution Items", "Solution Items", "{259FEACF-A15C-4868-83F9-8CD002888666}"
	ProjectSection(SolutionItems) = preProject
		..\..\docfx.json = ..\..\docfx.json
		..\..\filterConfig.yml = ..\..\filterConfig.yml
		..\..\README.md = ..\..\README.md
	EndProjectSection
EndProject
Project("{FAE04EC0-301F-11D3-BF4B-00C04F79EFBC}") = "Geolocation.Client", "Geolocation.Client\Geolocation.Client.csproj", "{84608585-6D92-4083-8155-BF85962A916D}"
EndProject
Global
	GlobalSection(SolutionConfigurationPlatforms) = preSolution
		Debug|Any CPU = Debug|Any CPU
		Release|Any CPU = Release|Any CPU
	EndGlobalSection
	GlobalSection(ProjectConfigurationPlatforms) = postSolution
		{0D8891AC-34C6-4C0B-A268-0E73DEED6015}.Debug|Any CPU.ActiveCfg = Debug|Any CPU
		{0D8891AC-34C6-4C0B-A268-0E73DEED6015}.Debug|Any CPU.Build.0 = Debug|Any CPU
		{0D8891AC-34C6-4C0B-A268-0E73DEED6015}.Release|Any CPU.ActiveCfg = Release|Any CPU
		{0D8891AC-34C6-4C0B-A268-0E73DEED6015}.Release|Any CPU.Build.0 = Release|Any CPU
		{0DAC39B3-B11D-437C-9BE9-0B4C8B10402A}.Debug|Any CPU.ActiveCfg = Debug|Any CPU
		{0DAC39B3-B11D-437C-9BE9-0B4C8B10402A}.Debug|Any CPU.Build.0 = Debug|Any CPU
		{0DAC39B3-B11D-437C-9BE9-0B4C8B10402A}.Release|Any CPU.ActiveCfg = Release|Any CPU
		{0DAC39B3-B11D-437C-9BE9-0B4C8B10402A}.Release|Any CPU.Build.0 = Release|Any CPU
		{4D115922-B6D5-4683-8AF1-F20A70A19F94}.Debug|Any CPU.ActiveCfg = Debug|Any CPU
		{4D115922-B6D5-4683-8AF1-F20A70A19F94}.Debug|Any CPU.Build.0 = Debug|Any CPU
		{4D115922-B6D5-4683-8AF1-F20A70A19F94}.Release|Any CPU.ActiveCfg = Release|Any CPU
		{4D115922-B6D5-4683-8AF1-F20A70A19F94}.Release|Any CPU.Build.0 = Release|Any CPU
		{C0DEB6EB-F6DC-4D99-86E4-B830B847B307}.Debug|Any CPU.ActiveCfg = Debug|Any CPU
		{C0DEB6EB-F6DC-4D99-86E4-B830B847B307}.Debug|Any CPU.Build.0 = Debug|Any CPU
		{C0DEB6EB-F6DC-4D99-86E4-B830B847B307}.Release|Any CPU.ActiveCfg = Release|Any CPU
		{C0DEB6EB-F6DC-4D99-86E4-B830B847B307}.Release|Any CPU.Build.0 = Release|Any CPU
		{84608585-6D92-4083-8155-BF85962A916D}.Debug|Any CPU.ActiveCfg = Debug|Any CPU
		{84608585-6D92-4083-8155-BF85962A916D}.Debug|Any CPU.Build.0 = Debug|Any CPU
		{84608585-6D92-4083-8155-BF85962A916D}.Release|Any CPU.ActiveCfg = Release|Any CPU
		{84608585-6D92-4083-8155-BF85962A916D}.Release|Any CPU.Build.0 = Release|Any CPU
	EndGlobalSection
	GlobalSection(SolutionProperties) = preSolution
		HideSolutionNode = FALSE
	EndGlobalSection
	GlobalSection(ExtensibilityGlobals) = postSolution
		SolutionGuid = {044CE3DC-7783-414C-91C7-0222A1E8F503}
	EndGlobalSection
EndGlobal
